
Microsoft Visual Studio Solution File, Format Version 12.00
# Visual Studio Version 16
VisualStudioVersion = 16.0.30114.105
MinimumVisualStudioVersion = 10.0.40219.1
Project("{FAE04EC0-301F-11D3-BF4B-00C04F79EFBC}") = "WallyWorld.Data", "WallyWorld.Data\WallyWorld.Data.csproj", "{AF874AD7-65A0-4E29-A737-A31CD966BEDF}"
EndProject
Project("{FAE04EC0-301F-11D3-BF4B-00C04F79EFBC}") = "WallyWorld.Repository", "WallyWorld.Repository\WallyWorld.Repository.csproj", "{0397A0AA-80BC-45A8-A6AA-168452A6A0D3}"
EndProject
Project("{FAE04EC0-301F-11D3-BF4B-00C04F79EFBC}") = "WallyWorld.UI", "WallyWorld.UI\WallyWorld.UI.csproj", "{ED8C1CA3-C85C-4F6F-AD6E-DBC4F5C154D9}"
EndProject
Global
	GlobalSection(SolutionConfigurationPlatforms) = preSolution
		Debug|Any CPU = Debug|Any CPU
		Release|Any CPU = Release|Any CPU
	EndGlobalSection
	GlobalSection(SolutionProperties) = preSolution
		HideSolutionNode = FALSE
	EndGlobalSection
	GlobalSection(ProjectConfigurationPlatforms) = postSolution
		{AF874AD7-65A0-4E29-A737-A31CD966BEDF}.Debug|Any CPU.ActiveCfg = Debug|Any CPU
		{AF874AD7-65A0-4E29-A737-A31CD966BEDF}.Debug|Any CPU.Build.0 = Debug|Any CPU
		{AF874AD7-65A0-4E29-A737-A31CD966BEDF}.Release|Any CPU.ActiveCfg = Release|Any CPU
		{AF874AD7-65A0-4E29-A737-A31CD966BEDF}.Release|Any CPU.Build.0 = Release|Any CPU
		{0397A0AA-80BC-45A8-A6AA-168452A6A0D3}.Debug|Any CPU.ActiveCfg = Debug|Any CPU
		{0397A0AA-80BC-45A8-A6AA-168452A6A0D3}.Debug|Any CPU.Build.0 = Debug|Any CPU
		{0397A0AA-80BC-45A8-A6AA-168452A6A0D3}.Release|Any CPU.ActiveCfg = Release|Any CPU
		{0397A0AA-80BC-45A8-A6AA-168452A6A0D3}.Release|Any CPU.Build.0 = Release|Any CPU
		{ED8C1CA3-C85C-4F6F-AD6E-DBC4F5C154D9}.Debug|Any CPU.ActiveCfg = Debug|Any CPU
		{ED8C1CA3-C85C-4F6F-AD6E-DBC4F5C154D9}.Debug|Any CPU.Build.0 = Debug|Any CPU
		{ED8C1CA3-C85C-4F6F-AD6E-DBC4F5C154D9}.Release|Any CPU.ActiveCfg = Release|Any CPU
		{ED8C1CA3-C85C-4F6F-AD6E-DBC4F5C154D9}.Release|Any CPU.Build.0 = Release|Any CPU
	EndGlobalSection
EndGlobal
